
Microsoft Visual Studio Solution File, Format Version 12.00
# Visual Studio Version 17
VisualStudioVersion = 17.5.33627.172
MinimumVisualStudioVersion = 10.0.40219.1
Project("{FAE04EC0-301F-11D3-BF4B-00C04F79EFBC}") = "Pawnmorph", "Esoteria\Pawnmorph.csproj", "{04338000-4A27-47AB-A654-9F4BEF21BBBD}"
EndProject
Project("{FAE04EC0-301F-11D3-BF4B-00C04F79EFBC}") = "Pawnmorphs.Pipesystem", "Pawnmorphs.Pipesystem\Pawnmorphs.Pipesystem.csproj", "{BF7018F7-F5B2-494A-9426-2BC6C94AB2F2}"
EndProject
Global
	GlobalSection(SolutionConfigurationPlatforms) = preSolution
		Debug|Any CPU = Debug|Any CPU
		Debug|x64 = Debug|x64
		Hotswapping|Any CPU = Hotswapping|Any CPU
		Hotswapping|x64 = Hotswapping|x64
		Release|Any CPU = Release|Any CPU
		Release|x64 = Release|x64
	EndGlobalSection
	GlobalSection(ProjectConfigurationPlatforms) = postSolution
		{04338000-4A27-47AB-A654-9F4BEF21BBBD}.Debug|Any CPU.ActiveCfg = Debug|Any CPU
		{04338000-4A27-47AB-A654-9F4BEF21BBBD}.Debug|Any CPU.Build.0 = Debug|Any CPU
		{04338000-4A27-47AB-A654-9F4BEF21BBBD}.Debug|x64.ActiveCfg = Debug|Any CPU
		{04338000-4A27-47AB-A654-9F4BEF21BBBD}.Debug|x64.Build.0 = Debug|Any CPU
		{04338000-4A27-47AB-A654-9F4BEF21BBBD}.Hotswapping|Any CPU.ActiveCfg = Hotswapping|Any CPU
		{04338000-4A27-47AB-A654-9F4BEF21BBBD}.Hotswapping|Any CPU.Build.0 = Hotswapping|Any CPU
		{04338000-4A27-47AB-A654-9F4BEF21BBBD}.Hotswapping|x64.ActiveCfg = Hotswapping|Any CPU
		{04338000-4A27-47AB-A654-9F4BEF21BBBD}.Hotswapping|x64.Build.0 = Hotswapping|Any CPU
		{04338000-4A27-47AB-A654-9F4BEF21BBBD}.Release|Any CPU.ActiveCfg = Release|Any CPU
		{04338000-4A27-47AB-A654-9F4BEF21BBBD}.Release|Any CPU.Build.0 = Release|Any CPU
		{04338000-4A27-47AB-A654-9F4BEF21BBBD}.Release|x64.ActiveCfg = Release|Any CPU
		{04338000-4A27-47AB-A654-9F4BEF21BBBD}.Release|x64.Build.0 = Release|Any CPU
		{BF7018F7-F5B2-494A-9426-2BC6C94AB2F2}.Debug|Any CPU.ActiveCfg = Debug|Any CPU
		{BF7018F7-F5B2-494A-9426-2BC6C94AB2F2}.Debug|Any CPU.Build.0 = Debug|Any CPU
		{BF7018F7-F5B2-494A-9426-2BC6C94AB2F2}.Debug|x64.ActiveCfg = Debug|Any CPU
		{BF7018F7-F5B2-494A-9426-2BC6C94AB2F2}.Debug|x64.Build.0 = Debug|Any CPU
		{BF7018F7-F5B2-494A-9426-2BC6C94AB2F2}.Hotswapping|Any CPU.ActiveCfg = Debug|Any CPU
		{BF7018F7-F5B2-494A-9426-2BC6C94AB2F2}.Hotswapping|Any CPU.Build.0 = Debug|Any CPU
		{BF7018F7-F5B2-494A-9426-2BC6C94AB2F2}.Hotswapping|x64.ActiveCfg = Debug|Any CPU
		{BF7018F7-F5B2-494A-9426-2BC6C94AB2F2}.Hotswapping|x64.Build.0 = Debug|Any CPU
		{BF7018F7-F5B2-494A-9426-2BC6C94AB2F2}.Release|Any CPU.ActiveCfg = Release|Any CPU
		{BF7018F7-F5B2-494A-9426-2BC6C94AB2F2}.Release|Any CPU.Build.0 = Release|Any CPU
		{BF7018F7-F5B2-494A-9426-2BC6C94AB2F2}.Release|x64.ActiveCfg = Release|Any CPU
		{BF7018F7-F5B2-494A-9426-2BC6C94AB2F2}.Release|x64.Build.0 = Release|Any CPU
	EndGlobalSection
	GlobalSection(SolutionProperties) = preSolution
		HideSolutionNode = FALSE
	EndGlobalSection
	GlobalSection(ExtensibilityGlobals) = postSolution
		SolutionGuid = {3860B0A4-D589-4168-85F1-29D2E7AD4447}
	EndGlobalSection
EndGlobal
